// !$*UTF8*$!
{
	archiveVersion = 1;
	classes = {
	};
	objectVersion = 46;
	objects = {

/* Begin PBXBuildFile section */
		E43674AA1C7FACF900B59105 /* Tiles.plist in Resources */ = {isa = PBXBuildFile; fileRef = E43674A91C7FACF900B59105 /* Tiles.plist */; };
		E43674AC1C80FCAB00B59105 /* Implements.plist in Resources */ = {isa = PBXBuildFile; fileRef = E43674AB1C80FCAB00B59105 /* Implements.plist */; };
		E43674AE1C80FFBA00B59105 /* Lists.plist in Resources */ = {isa = PBXBuildFile; fileRef = E43674AD1C80FFBA00B59105 /* Lists.plist */; };
		E43674B01C813CC900B59105 /* Assets.xcassets in Resources */ = {isa = PBXBuildFile; fileRef = E43674AF1C813CC900B59105 /* Assets.xcassets */; };
		E442C81C1C8B65950048DD95 /* AttackEffects.plist in Resources */ = {isa = PBXBuildFile; fileRef = E442C81B1C8B65950048DD95 /* AttackEffects.plist */; };
		E442C81F1C8FA3730048DD95 /* CharacterCreatorViewController.m in Sources */ = {isa = PBXBuildFile; fileRef = E442C81E1C8FA3730048DD95 /* CharacterCreatorViewController.m */; };
		E442C8221C8FA8050048DD95 /* CharacterServices.m in Sources */ = {isa = PBXBuildFile; fileRef = E442C8211C8FA8050048DD95 /* CharacterServices.m */; };
		E459C6881C7AB2E800422B0A /* main.m in Sources */ = {isa = PBXBuildFile; fileRef = E459C6871C7AB2E800422B0A /* main.m */; };
		E459C68B1C7AB2E800422B0A /* AppDelegate.m in Sources */ = {isa = PBXBuildFile; fileRef = E459C68A1C7AB2E800422B0A /* AppDelegate.m */; };
		E459C6911C7AB2E800422B0A /* Main.storyboard in Resources */ = {isa = PBXBuildFile; fileRef = E459C68F1C7AB2E800422B0A /* Main.storyboard */; };
		E459C6961C7AB2E800422B0A /* LaunchScreen.storyboard in Resources */ = {isa = PBXBuildFile; fileRef = E459C6941C7AB2E800422B0A /* LaunchScreen.storyboard */; };
		E459C6A11C7AB34300422B0A /* Creature.m in Sources */ = {isa = PBXBuildFile; fileRef = E459C6A01C7AB34300422B0A /* Creature.m */; };
		E459C6A51C7ABB5200422B0A /* Races.plist in Resources */ = {isa = PBXBuildFile; fileRef = E459C6A41C7ABB5200422B0A /* Races.plist */; };
		E459C6A71C7ABB6400422B0A /* SkillTrees.plist in Resources */ = {isa = PBXBuildFile; fileRef = E459C6A61C7ABB6400422B0A /* SkillTrees.plist */; };
		E459C6A91C7B602100422B0A /* Constants.m in Sources */ = {isa = PBXBuildFile; fileRef = E459C6A81C7B602100422B0A /* Constants.m */; };
		E459C6AC1C7B7FC300422B0A /* Attacks.plist in Resources */ = {isa = PBXBuildFile; fileRef = E459C6AB1C7B7FC300422B0A /* Attacks.plist */; };
		E459C6AE1C7BB36C00422B0A /* Map.m in Sources */ = {isa = PBXBuildFile; fileRef = E459C6AD1C7BB36C00422B0A /* Map.m */; };
		E459C6B21C7BB4BD00422B0A /* Tile.m in Sources */ = {isa = PBXBuildFile; fileRef = E459C6B11C7BB4BD00422B0A /* Tile.m */; };
		E459C6B41C7BBCC400422B0A /* EnemyTypes.plist in Resources */ = {isa = PBXBuildFile; fileRef = E459C6B31C7BBCC400422B0A /* EnemyTypes.plist */; };
		E459C6B71C7BC57E00422B0A /* MapView.m in Sources */ = {isa = PBXBuildFile; fileRef = E459C6B61C7BC57E00422B0A /* MapView.m */; };
		E459C6BA1C7BD25F00422B0A /* GameViewController.m in Sources */ = {isa = PBXBuildFile; fileRef = E459C6B91C7BD25F00422B0A /* GameViewController.m */; };
		E459C6BC1C7C201D00422B0A /* Armors.plist in Resources */ = {isa = PBXBuildFile; fileRef = E459C6BB1C7C201D00422B0A /* Armors.plist */; };
		E459C6BE1C7C20AD00422B0A /* Colors.plist in Resources */ = {isa = PBXBuildFile; fileRef = E459C6BD1C7C20AD00422B0A /* Colors.plist */; };
		E459C6C01C7CCDB800422B0A /* GeneratorRoom.m in Sources */ = {isa = PBXBuildFile; fileRef = E459C6BF1C7CCDB800422B0A /* GeneratorRoom.m */; };
		E462381C1C83ACE7009C9FC4 /* Item.m in Sources */ = {isa = PBXBuildFile; fileRef = E462381B1C83ACE7009C9FC4 /* Item.m */; };
		E462381E1C83F50D009C9FC4 /* ItemCell.xib in Resources */ = {isa = PBXBuildFile; fileRef = E462381D1C83F50D009C9FC4 /* ItemCell.xib */; };
		E46238211C83F525009C9FC4 /* ItemTableViewCell.m in Sources */ = {isa = PBXBuildFile; fileRef = E46238201C83F525009C9FC4 /* ItemTableViewCell.m */; };
		E46238231C83F8A1009C9FC4 /* InventoryItems.plist in Resources */ = {isa = PBXBuildFile; fileRef = E46238221C83F8A1009C9FC4 /* InventoryItems.plist */; };
		E46238251C84B746009C9FC4 /* Recipies.plist in Resources */ = {isa = PBXBuildFile; fileRef = E46238241C84B746009C9FC4 /* Recipies.plist */; };
		E46238281C875F28009C9FC4 /* FormattingViewController.m in Sources */ = {isa = PBXBuildFile; fileRef = E46238271C875F28009C9FC4 /* FormattingViewController.m */; };
		E462382B1C87657D009C9FC4 /* ChangeMapViewController.m in Sources */ = {isa = PBXBuildFile; fileRef = E462382A1C87657D009C9FC4 /* ChangeMapViewController.m */; };
		E462382E1C8766BA009C9FC4 /* ReplaceSegue.m in Sources */ = {isa = PBXBuildFile; fileRef = E462382D1C8766BA009C9FC4 /* ReplaceSegue.m */; };
		E46238301C8A1177009C9FC4 /* Floors.plist in Resources */ = {isa = PBXBuildFile; fileRef = E462382F1C8A1177009C9FC4 /* Floors.plist */; };
		E46238321C8A6901009C9FC4 /* Tilesets.plist in Resources */ = {isa = PBXBuildFile; fileRef = E46238311C8A6901009C9FC4 /* Tilesets.plist */; };
/* End PBXBuildFile section */

/* Begin PBXFileReference section */
		E43674A91C7FACF900B59105 /* Tiles.plist */ = {isa = PBXFileReference; fileEncoding = 4; lastKnownFileType = text.plist.xml; path = Tiles.plist; sourceTree = "<group>"; };
		E43674AB1C80FCAB00B59105 /* Implements.plist */ = {isa = PBXFileReference; fileEncoding = 4; lastKnownFileType = text.plist.xml; path = Implements.plist; sourceTree = "<group>"; };
		E43674AD1C80FFBA00B59105 /* Lists.plist */ = {isa = PBXFileReference; fileEncoding = 4; lastKnownFileType = text.plist.xml; path = Lists.plist; sourceTree = "<group>"; };
		E43674AF1C813CC900B59105 /* Assets.xcassets */ = {isa = PBXFileReference; lastKnownFileType = folder.assetcatalog; path = Assets.xcassets; sourceTree = "<group>"; };
		E442C81B1C8B65950048DD95 /* AttackEffects.plist */ = {isa = PBXFileReference; fileEncoding = 4; lastKnownFileType = text.plist.xml; path = AttackEffects.plist; sourceTree = "<group>"; };
		E442C81D1C8FA3730048DD95 /* CharacterCreatorViewController.h */ = {isa = PBXFileReference; fileEncoding = 4; lastKnownFileType = sourcecode.c.h; path = CharacterCreatorViewController.h; sourceTree = "<group>"; };
		E442C81E1C8FA3730048DD95 /* CharacterCreatorViewController.m */ = {isa = PBXFileReference; fileEncoding = 4; lastKnownFileType = sourcecode.c.objc; path = CharacterCreatorViewController.m; sourceTree = "<group>"; };
		E442C8201C8FA7FA0048DD95 /* CharacterServices.h */ = {isa = PBXFileReference; lastKnownFileType = sourcecode.c.h; path = CharacterServices.h; sourceTree = "<group>"; };
		E442C8211C8FA8050048DD95 /* CharacterServices.m */ = {isa = PBXFileReference; fileEncoding = 4; lastKnownFileType = sourcecode.c.objc; path = CharacterServices.m; sourceTree = "<group>"; };
		E459C6831C7AB2E800422B0A /* Delve.app */ = {isa = PBXFileReference; explicitFileType = wrapper.application; includeInIndex = 0; path = Delve.app; sourceTree = BUILT_PRODUCTS_DIR; };
		E459C6871C7AB2E800422B0A /* main.m */ = {isa = PBXFileReference; lastKnownFileType = sourcecode.c.objc; path = main.m; sourceTree = "<group>"; };
		E459C6891C7AB2E800422B0A /* AppDelegate.h */ = {isa = PBXFileReference; lastKnownFileType = sourcecode.c.h; path = AppDelegate.h; sourceTree = "<group>"; };
		E459C68A1C7AB2E800422B0A /* AppDelegate.m */ = {isa = PBXFileReference; lastKnownFileType = sourcecode.c.objc; path = AppDelegate.m; sourceTree = "<group>"; };
		E459C6901C7AB2E800422B0A /* Base */ = {isa = PBXFileReference; lastKnownFileType = file.storyboard; name = Base; path = Base.lproj/Main.storyboard; sourceTree = "<group>"; };
		E459C6951C7AB2E800422B0A /* Base */ = {isa = PBXFileReference; lastKnownFileType = file.storyboard; name = Base; path = Base.lproj/LaunchScreen.storyboard; sourceTree = "<group>"; };
		E459C6971C7AB2E800422B0A /* Info.plist */ = {isa = PBXFileReference; lastKnownFileType = text.plist.xml; path = Info.plist; sourceTree = "<group>"; };
		E459C6A01C7AB34300422B0A /* Creature.m */ = {isa = PBXFileReference; fileEncoding = 4; lastKnownFileType = sourcecode.c.objc; path = Creature.m; sourceTree = "<group>"; };
		E459C6A31C7AB37E00422B0A /* Creature.h */ = {isa = PBXFileReference; lastKnownFileType = sourcecode.c.h; path = Creature.h; sourceTree = "<group>"; };
		E459C6A41C7ABB5200422B0A /* Races.plist */ = {isa = PBXFileReference; fileEncoding = 4; lastKnownFileType = text.plist.xml; path = Races.plist; sourceTree = "<group>"; };
		E459C6A61C7ABB6400422B0A /* SkillTrees.plist */ = {isa = PBXFileReference; fileEncoding = 4; lastKnownFileType = text.plist.xml; path = SkillTrees.plist; sourceTree = "<group>"; };
		E459C6A81C7B602100422B0A /* Constants.m */ = {isa = PBXFileReference; fileEncoding = 4; lastKnownFileType = sourcecode.c.objc; path = Constants.m; sourceTree = "<group>"; };
		E459C6AA1C7B602A00422B0A /* Constants.h */ = {isa = PBXFileReference; lastKnownFileType = sourcecode.c.h; path = Constants.h; sourceTree = "<group>"; };
		E459C6AB1C7B7FC300422B0A /* Attacks.plist */ = {isa = PBXFileReference; fileEncoding = 4; lastKnownFileType = text.plist.xml; path = Attacks.plist; sourceTree = "<group>"; };
		E459C6AD1C7BB36C00422B0A /* Map.m */ = {isa = PBXFileReference; fileEncoding = 4; lastKnownFileType = sourcecode.c.objc; path = Map.m; sourceTree = "<group>"; };
		E459C6AF1C7BB37400422B0A /* Map.h */ = {isa = PBXFileReference; lastKnownFileType = sourcecode.c.h; path = Map.h; sourceTree = "<group>"; };
		E459C6B01C7BB4B300422B0A /* Tile.h */ = {isa = PBXFileReference; lastKnownFileType = sourcecode.c.h; path = Tile.h; sourceTree = "<group>"; };
		E459C6B11C7BB4BD00422B0A /* Tile.m */ = {isa = PBXFileReference; fileEncoding = 4; lastKnownFileType = sourcecode.c.objc; path = Tile.m; sourceTree = "<group>"; };
		E459C6B31C7BBCC400422B0A /* EnemyTypes.plist */ = {isa = PBXFileReference; fileEncoding = 4; lastKnownFileType = text.plist.xml; path = EnemyTypes.plist; sourceTree = "<group>"; };
		E459C6B51C7BC57E00422B0A /* MapView.h */ = {isa = PBXFileReference; fileEncoding = 4; lastKnownFileType = sourcecode.c.h; path = MapView.h; sourceTree = "<group>"; };
		E459C6B61C7BC57E00422B0A /* MapView.m */ = {isa = PBXFileReference; fileEncoding = 4; lastKnownFileType = sourcecode.c.objc; path = MapView.m; sourceTree = "<group>"; };
		E459C6B81C7BD25F00422B0A /* GameViewController.h */ = {isa = PBXFileReference; fileEncoding = 4; lastKnownFileType = sourcecode.c.h; path = GameViewController.h; sourceTree = "<group>"; };
		E459C6B91C7BD25F00422B0A /* GameViewController.m */ = {isa = PBXFileReference; fileEncoding = 4; lastKnownFileType = sourcecode.c.objc; path = GameViewController.m; sourceTree = "<group>"; };
		E459C6BB1C7C201D00422B0A /* Armors.plist */ = {isa = PBXFileReference; fileEncoding = 4; lastKnownFileType = text.plist.xml; path = Armors.plist; sourceTree = "<group>"; };
		E459C6BD1C7C20AD00422B0A /* Colors.plist */ = {isa = PBXFileReference; fileEncoding = 4; lastKnownFileType = text.plist.xml; path = Colors.plist; sourceTree = "<group>"; };
		E459C6BF1C7CCDB800422B0A /* GeneratorRoom.m */ = {isa = PBXFileReference; fileEncoding = 4; lastKnownFileType = sourcecode.c.objc; path = GeneratorRoom.m; sourceTree = "<group>"; };
		E459C6C11C7CCDC000422B0A /* GeneratorRoom.h */ = {isa = PBXFileReference; lastKnownFileType = sourcecode.c.h; path = GeneratorRoom.h; sourceTree = "<group>"; };
		E462381A1C83ACDD009C9FC4 /* Item.h */ = {isa = PBXFileReference; lastKnownFileType = sourcecode.c.h; path = Item.h; sourceTree = "<group>"; };
		E462381B1C83ACE7009C9FC4 /* Item.m */ = {isa = PBXFileReference; fileEncoding = 4; lastKnownFileType = sourcecode.c.objc; path = Item.m; sourceTree = "<group>"; };
		E462381D1C83F50D009C9FC4 /* ItemCell.xib */ = {isa = PBXFileReference; fileEncoding = 4; lastKnownFileType = file.xib; path = ItemCell.xib; sourceTree = "<group>"; };
		E462381F1C83F525009C9FC4 /* ItemTableViewCell.h */ = {isa = PBXFileReference; fileEncoding = 4; lastKnownFileType = sourcecode.c.h; path = ItemTableViewCell.h; sourceTree = "<group>"; };
		E46238201C83F525009C9FC4 /* ItemTableViewCell.m */ = {isa = PBXFileReference; fileEncoding = 4; lastKnownFileType = sourcecode.c.objc; path = ItemTableViewCell.m; sourceTree = "<group>"; };
		E46238221C83F8A1009C9FC4 /* InventoryItems.plist */ = {isa = PBXFileReference; fileEncoding = 4; lastKnownFileType = text.plist.xml; path = InventoryItems.plist; sourceTree = "<group>"; };
		E46238241C84B746009C9FC4 /* Recipies.plist */ = {isa = PBXFileReference; fileEncoding = 4; lastKnownFileType = text.plist.xml; path = Recipies.plist; sourceTree = "<group>"; };
		E46238261C875F28009C9FC4 /* FormattingViewController.h */ = {isa = PBXFileReference; fileEncoding = 4; lastKnownFileType = sourcecode.c.h; path = FormattingViewController.h; sourceTree = "<group>"; };
		E46238271C875F28009C9FC4 /* FormattingViewController.m */ = {isa = PBXFileReference; fileEncoding = 4; lastKnownFileType = sourcecode.c.objc; path = FormattingViewController.m; sourceTree = "<group>"; };
		E46238291C87657D009C9FC4 /* ChangeMapViewController.h */ = {isa = PBXFileReference; fileEncoding = 4; lastKnownFileType = sourcecode.c.h; path = ChangeMapViewController.h; sourceTree = "<group>"; };
		E462382A1C87657D009C9FC4 /* ChangeMapViewController.m */ = {isa = PBXFileReference; fileEncoding = 4; lastKnownFileType = sourcecode.c.objc; path = ChangeMapViewController.m; sourceTree = "<group>"; };
		E462382C1C8766BA009C9FC4 /* ReplaceSegue.h */ = {isa = PBXFileReference; fileEncoding = 4; lastKnownFileType = sourcecode.c.h; path = ReplaceSegue.h; sourceTree = "<group>"; };
		E462382D1C8766BA009C9FC4 /* ReplaceSegue.m */ = {isa = PBXFileReference; fileEncoding = 4; lastKnownFileType = sourcecode.c.objc; path = ReplaceSegue.m; sourceTree = "<group>"; };
		E462382F1C8A1177009C9FC4 /* Floors.plist */ = {isa = PBXFileReference; fileEncoding = 4; lastKnownFileType = text.plist.xml; path = Floors.plist; sourceTree = "<group>"; };
		E46238311C8A6901009C9FC4 /* Tilesets.plist */ = {isa = PBXFileReference; fileEncoding = 4; lastKnownFileType = text.plist.xml; path = Tilesets.plist; sourceTree = "<group>"; };
/* End PBXFileReference section */

/* Begin PBXFrameworksBuildPhase section */
		E459C6801C7AB2E800422B0A /* Frameworks */ = {
			isa = PBXFrameworksBuildPhase;
			buildActionMask = 2147483647;
			files = (
			);
			runOnlyForDeploymentPostprocessing = 0;
		};
/* End PBXFrameworksBuildPhase section */

/* Begin PBXGroup section */
		E459C67A1C7AB2E800422B0A = {
			isa = PBXGroup;
			children = (
				E459C6851C7AB2E800422B0A /* Delve */,
				E459C6841C7AB2E800422B0A /* Products */,
			);
			sourceTree = "<group>";
		};
		E459C6841C7AB2E800422B0A /* Products */ = {
			isa = PBXGroup;
			children = (
				E459C6831C7AB2E800422B0A /* Delve.app */,
			);
			name = Products;
			sourceTree = "<group>";
		};
		E459C6851C7AB2E800422B0A /* Delve */ = {
			isa = PBXGroup;
			children = (
				E459C69E1C7AB31700422B0A /* Model */,
				E459C69F1C7AB31B00422B0A /* Controller */,
				E459C69D1C7AB31100422B0A /* View */,
				E459C6861C7AB2E800422B0A /* Supporting Files */,
			);
			path = Delve;
			sourceTree = "<group>";
		};
		E459C6861C7AB2E800422B0A /* Supporting Files */ = {
			isa = PBXGroup;
			children = (
				E442C81B1C8B65950048DD95 /* AttackEffects.plist */,
				E46238311C8A6901009C9FC4 /* Tilesets.plist */,
				E462382F1C8A1177009C9FC4 /* Floors.plist */,
				E46238241C84B746009C9FC4 /* Recipies.plist */,
				E46238221C83F8A1009C9FC4 /* InventoryItems.plist */,
				E43674AD1C80FFBA00B59105 /* Lists.plist */,
				E43674AB1C80FCAB00B59105 /* Implements.plist */,
				E43674A91C7FACF900B59105 /* Tiles.plist */,
				E459C6BB1C7C201D00422B0A /* Armors.plist */,
				E459C6BD1C7C20AD00422B0A /* Colors.plist */,
				E459C6B31C7BBCC400422B0A /* EnemyTypes.plist */,
				E459C6AB1C7B7FC300422B0A /* Attacks.plist */,
				E459C6A41C7ABB5200422B0A /* Races.plist */,
				E459C6A61C7ABB6400422B0A /* SkillTrees.plist */,
				E459C6971C7AB2E800422B0A /* Info.plist */,
				E43674AF1C813CC900B59105 /* Assets.xcassets */,
				E459C6891C7AB2E800422B0A /* AppDelegate.h */,
				E459C68A1C7AB2E800422B0A /* AppDelegate.m */,
				E459C6871C7AB2E800422B0A /* main.m */,
				E459C6941C7AB2E800422B0A /* LaunchScreen.storyboard */,
			);
			name = "Supporting Files";
			sourceTree = "<group>";
		};
		E459C69D1C7AB31100422B0A /* View */ = {
			isa = PBXGroup;
			children = (
				E462382C1C8766BA009C9FC4 /* ReplaceSegue.h */,
				E462382D1C8766BA009C9FC4 /* ReplaceSegue.m */,
				E462381D1C83F50D009C9FC4 /* ItemCell.xib */,
				E462381F1C83F525009C9FC4 /* ItemTableViewCell.h */,
				E46238201C83F525009C9FC4 /* ItemTableViewCell.m */,
				E459C6B51C7BC57E00422B0A /* MapView.h */,
				E459C6B61C7BC57E00422B0A /* MapView.m */,
				E459C68F1C7AB2E800422B0A /* Main.storyboard */,
			);
			name = View;
			sourceTree = "<group>";
		};
		E459C69E1C7AB31700422B0A /* Model */ = {
			isa = PBXGroup;
			children = (
				E462381A1C83ACDD009C9FC4 /* Item.h */,
				E462381B1C83ACE7009C9FC4 /* Item.m */,
				E459C6A31C7AB37E00422B0A /* Creature.h */,
				E459C6A01C7AB34300422B0A /* Creature.m */,
				E459C6AF1C7BB37400422B0A /* Map.h */,
				E459C6AD1C7BB36C00422B0A /* Map.m */,
				E459C6B01C7BB4B300422B0A /* Tile.h */,
				E459C6B11C7BB4BD00422B0A /* Tile.m */,
				E459C6AA1C7B602A00422B0A /* Constants.h */,
				E459C6A81C7B602100422B0A /* Constants.m */,
				E459C6C11C7CCDC000422B0A /* GeneratorRoom.h */,
				E459C6BF1C7CCDB800422B0A /* GeneratorRoom.m */,
			);
			name = Model;
			sourceTree = "<group>";
		};
		E459C69F1C7AB31B00422B0A /* Controller */ = {
			isa = PBXGroup;
			children = (
				E442C8201C8FA7FA0048DD95 /* CharacterServices.h */,
				E442C8211C8FA8050048DD95 /* CharacterServices.m */,
				E442C81D1C8FA3730048DD95 /* CharacterCreatorViewController.h */,
				E442C81E1C8FA3730048DD95 /* CharacterCreatorViewController.m */,
				E46238261C875F28009C9FC4 /* FormattingViewController.h */,
				E46238271C875F28009C9FC4 /* FormattingViewController.m */,
				E459C6B81C7BD25F00422B0A /* GameViewController.h */,
				E459C6B91C7BD25F00422B0A /* GameViewController.m */,
				E46238291C87657D009C9FC4 /* ChangeMapViewController.h */,
				E462382A1C87657D009C9FC4 /* ChangeMapViewController.m */,
			);
			name = Controller;
			sourceTree = "<group>";
		};
/* End PBXGroup section */

/* Begin PBXNativeTarget section */
		E459C6821C7AB2E800422B0A /* Delve */ = {
			isa = PBXNativeTarget;
			buildConfigurationList = E459C69A1C7AB2E800422B0A /* Build configuration list for PBXNativeTarget "Delve" */;
			buildPhases = (
				E459C67F1C7AB2E800422B0A /* Sources */,
				E459C6801C7AB2E800422B0A /* Frameworks */,
				E459C6811C7AB2E800422B0A /* Resources */,
			);
			buildRules = (
			);
			dependencies = (
			);
			name = Delve;
			productName = Delve;
			productReference = E459C6831C7AB2E800422B0A /* Delve.app */;
			productType = "com.apple.product-type.application";
		};
/* End PBXNativeTarget section */

/* Begin PBXProject section */
		E459C67B1C7AB2E800422B0A /* Project object */ = {
			isa = PBXProject;
			attributes = {
				LastUpgradeCheck = 0720;
				ORGANIZATIONNAME = "Theodore Abshire";
				TargetAttributes = {
					E459C6821C7AB2E800422B0A = {
						CreatedOnToolsVersion = 7.2;
					};
				};
			};
			buildConfigurationList = E459C67E1C7AB2E800422B0A /* Build configuration list for PBXProject "Delve" */;
			compatibilityVersion = "Xcode 3.2";
			developmentRegion = English;
			hasScannedForEncodings = 0;
			knownRegions = (
				en,
				Base,
			);
			mainGroup = E459C67A1C7AB2E800422B0A;
			productRefGroup = E459C6841C7AB2E800422B0A /* Products */;
			projectDirPath = "";
			projectRoot = "";
			targets = (
				E459C6821C7AB2E800422B0A /* Delve */,
			);
		};
/* End PBXProject section */

/* Begin PBXResourcesBuildPhase section */
		E459C6811C7AB2E800422B0A /* Resources */ = {
			isa = PBXResourcesBuildPhase;
			buildActionMask = 2147483647;
			files = (
				E459C6BE1C7C20AD00422B0A /* Colors.plist in Resources */,
				E459C6961C7AB2E800422B0A /* LaunchScreen.storyboard in Resources */,
				E43674B01C813CC900B59105 /* Assets.xcassets in Resources */,
				E459C6BC1C7C201D00422B0A /* Armors.plist in Resources */,
				E462381E1C83F50D009C9FC4 /* ItemCell.xib in Resources */,
				E459C6911C7AB2E800422B0A /* Main.storyboard in Resources */,
				E46238321C8A6901009C9FC4 /* Tilesets.plist in Resources */,
				E442C81C1C8B65950048DD95 /* AttackEffects.plist in Resources */,
				E46238251C84B746009C9FC4 /* Recipies.plist in Resources */,
				E459C6A71C7ABB6400422B0A /* SkillTrees.plist in Resources */,
				E43674AA1C7FACF900B59105 /* Tiles.plist in Resources */,
				E43674AC1C80FCAB00B59105 /* Implements.plist in Resources */,
				E43674AE1C80FFBA00B59105 /* Lists.plist in Resources */,
				E46238301C8A1177009C9FC4 /* Floors.plist in Resources */,
				E459C6AC1C7B7FC300422B0A /* Attacks.plist in Resources */,
				E459C6A51C7ABB5200422B0A /* Races.plist in Resources */,
				E46238231C83F8A1009C9FC4 /* InventoryItems.plist in Resources */,
				E459C6B41C7BBCC400422B0A /* EnemyTypes.plist in Resources */,
			);
			runOnlyForDeploymentPostprocessing = 0;
		};
/* End PBXResourcesBuildPhase section */

/* Begin PBXSourcesBuildPhase section */
		E459C67F1C7AB2E800422B0A /* Sources */ = {
			isa = PBXSourcesBuildPhase;
			buildActionMask = 2147483647;
			files = (
				E462381C1C83ACE7009C9FC4 /* Item.m in Sources */,
				E459C6BA1C7BD25F00422B0A /* GameViewController.m in Sources */,
				E459C68B1C7AB2E800422B0A /* AppDelegate.m in Sources */,
				E459C6B21C7BB4BD00422B0A /* Tile.m in Sources */,
				E462382B1C87657D009C9FC4 /* ChangeMapViewController.m in Sources */,
				E459C6AE1C7BB36C00422B0A /* Map.m in Sources */,
				E46238211C83F525009C9FC4 /* ItemTableViewCell.m in Sources */,
				E442C81F1C8FA3730048DD95 /* CharacterCreatorViewController.m in Sources */,
				E459C6881C7AB2E800422B0A /* main.m in Sources */,
				E46238281C875F28009C9FC4 /* FormattingViewController.m in Sources */,
				E459C6B71C7BC57E00422B0A /* MapView.m in Sources */,
				E462382E1C8766BA009C9FC4 /* ReplaceSegue.m in Sources */,
				E459C6C01C7CCDB800422B0A /* GeneratorRoom.m in Sources */,
				E459C6A11C7AB34300422B0A /* Creature.m in Sources */,
				E459C6A91C7B602100422B0A /* Constants.m in Sources */,
				E442C8221C8FA8050048DD95 /* CharacterServices.m in Sources */,
			);
			runOnlyForDeploymentPostprocessing = 0;
		};
/* End PBXSourcesBuildPhase section */

/* Begin PBXVariantGroup section */
		E459C68F1C7AB2E800422B0A /* Main.storyboard */ = {
			isa = PBXVariantGroup;
			children = (
				E459C6901C7AB2E800422B0A /* Base */,
			);
			name = Main.storyboard;
			sourceTree = "<group>";
		};
		E459C6941C7AB2E800422B0A /* LaunchScreen.storyboard */ = {
			isa = PBXVariantGroup;
			children = (
				E459C6951C7AB2E800422B0A /* Base */,
			);
			name = LaunchScreen.storyboard;
			sourceTree = "<group>";
		};
/* End PBXVariantGroup section */

/* Begin XCBuildConfiguration section */
		E459C6981C7AB2E800422B0A /* Debug */ = {
			isa = XCBuildConfiguration;
			buildSettings = {
				ALWAYS_SEARCH_USER_PATHS = NO;
				CLANG_CXX_LANGUAGE_STANDARD = "gnu++0x";
				CLANG_CXX_LIBRARY = "libc++";
				CLANG_ENABLE_MODULES = YES;
				CLANG_ENABLE_OBJC_ARC = YES;
				CLANG_WARN_BOOL_CONVERSION = YES;
				CLANG_WARN_CONSTANT_CONVERSION = YES;
				CLANG_WARN_DIRECT_OBJC_ISA_USAGE = YES_ERROR;
				CLANG_WARN_EMPTY_BODY = YES;
				CLANG_WARN_ENUM_CONVERSION = YES;
				CLANG_WARN_INT_CONVERSION = YES;
				CLANG_WARN_OBJC_ROOT_CLASS = YES_ERROR;
				CLANG_WARN_UNREACHABLE_CODE = YES;
				CLANG_WARN__DUPLICATE_METHOD_MATCH = YES;
				"CODE_SIGN_IDENTITY[sdk=iphoneos*]" = "iPhone Developer";
				COPY_PHASE_STRIP = NO;
				DEBUG_INFORMATION_FORMAT = dwarf;
				ENABLE_STRICT_OBJC_MSGSEND = YES;
				ENABLE_TESTABILITY = YES;
				GCC_C_LANGUAGE_STANDARD = gnu99;
				GCC_DYNAMIC_NO_PIC = NO;
				GCC_NO_COMMON_BLOCKS = YES;
				GCC_OPTIMIZATION_LEVEL = 0;
				GCC_PREPROCESSOR_DEFINITIONS = (
					"DEBUG=1",
					"$(inherited)",
				);
				GCC_WARN_64_TO_32_BIT_CONVERSION = YES;
				GCC_WARN_ABOUT_RETURN_TYPE = YES_ERROR;
				GCC_WARN_UNDECLARED_SELECTOR = YES;
				GCC_WARN_UNINITIALIZED_AUTOS = YES_AGGRESSIVE;
				GCC_WARN_UNUSED_FUNCTION = YES;
				GCC_WARN_UNUSED_VARIABLE = YES;
				IPHONEOS_DEPLOYMENT_TARGET = 9.2;
				MTL_ENABLE_DEBUG_INFO = YES;
				ONLY_ACTIVE_ARCH = YES;
				SDKROOT = iphoneos;
			};
			name = Debug;
		};
		E459C6991C7AB2E800422B0A /* Release */ = {
			isa = XCBuildConfiguration;
			buildSettings = {
				ALWAYS_SEARCH_USER_PATHS = NO;
				CLANG_CXX_LANGUAGE_STANDARD = "gnu++0x";
				CLANG_CXX_LIBRARY = "libc++";
				CLANG_ENABLE_MODULES = YES;
				CLANG_ENABLE_OBJC_ARC = YES;
				CLANG_WARN_BOOL_CONVERSION = YES;
				CLANG_WARN_CONSTANT_CONVERSION = YES;
				CLANG_WARN_DIRECT_OBJC_ISA_USAGE = YES_ERROR;
				CLANG_WARN_EMPTY_BODY = YES;
				CLANG_WARN_ENUM_CONVERSION = YES;
				CLANG_WARN_INT_CONVERSION = YES;
				CLANG_WARN_OBJC_ROOT_CLASS = YES_ERROR;
				CLANG_WARN_UNREACHABLE_CODE = YES;
				CLANG_WARN__DUPLICATE_METHOD_MATCH = YES;
				"CODE_SIGN_IDENTITY[sdk=iphoneos*]" = "iPhone Developer";
				COPY_PHASE_STRIP = NO;
				DEBUG_INFORMATION_FORMAT = "dwarf-with-dsym";
				ENABLE_NS_ASSERTIONS = NO;
				ENABLE_STRICT_OBJC_MSGSEND = YES;
				GCC_C_LANGUAGE_STANDARD = gnu99;
				GCC_NO_COMMON_BLOCKS = YES;
				GCC_WARN_64_TO_32_BIT_CONVERSION = YES;
				GCC_WARN_ABOUT_RETURN_TYPE = YES_ERROR;
				GCC_WARN_UNDECLARED_SELECTOR = YES;
				GCC_WARN_UNINITIALIZED_AUTOS = YES_AGGRESSIVE;
				GCC_WARN_UNUSED_FUNCTION = YES;
				GCC_WARN_UNUSED_VARIABLE = YES;
				IPHONEOS_DEPLOYMENT_TARGET = 9.2;
				MTL_ENABLE_DEBUG_INFO = NO;
				SDKROOT = iphoneos;
				VALIDATE_PRODUCT = YES;
			};
			name = Release;
		};
		E459C69B1C7AB2E800422B0A /* Debug */ = {
			isa = XCBuildConfiguration;
			buildSettings = {
				ASSETCATALOG_COMPILER_APPICON_NAME = AppIcon;
				INFOPLIST_FILE = Delve/Info.plist;
				LD_RUNPATH_SEARCH_PATHS = "$(inherited) @executable_path/Frameworks";
				PRODUCT_BUNDLE_IDENTIFIER = TA.Delve;
				PRODUCT_NAME = "$(TARGET_NAME)";
			};
			name = Debug;
		};
		E459C69C1C7AB2E800422B0A /* Release */ = {
			isa = XCBuildConfiguration;
			buildSettings = {
				ASSETCATALOG_COMPILER_APPICON_NAME = AppIcon;
				INFOPLIST_FILE = Delve/Info.plist;
				LD_RUNPATH_SEARCH_PATHS = "$(inherited) @executable_path/Frameworks";
				PRODUCT_BUNDLE_IDENTIFIER = TA.Delve;
				PRODUCT_NAME = "$(TARGET_NAME)";
			};
			name = Release;
		};
/* End XCBuildConfiguration section */

/* Begin XCConfigurationList section */
		E459C67E1C7AB2E800422B0A /* Build configuration list for PBXProject "Delve" */ = {
			isa = XCConfigurationList;
			buildConfigurations = (
				E459C6981C7AB2E800422B0A /* Debug */,
				E459C6991C7AB2E800422B0A /* Release */,
			);
			defaultConfigurationIsVisible = 0;
			defaultConfigurationName = Release;
		};
		E459C69A1C7AB2E800422B0A /* Build configuration list for PBXNativeTarget "Delve" */ = {
			isa = XCConfigurationList;
			buildConfigurations = (
				E459C69B1C7AB2E800422B0A /* Debug */,
				E459C69C1C7AB2E800422B0A /* Release */,
			);
			defaultConfigurationIsVisible = 0;
			defaultConfigurationName = Release;
		};
/* End XCConfigurationList section */
	};
	rootObject = E459C67B1C7AB2E800422B0A /* Project object */;
}
